{
    "_readme": [
        "This file locks the dependencies of your project to a known state",
        "Read more about it at https://getcomposer.org/doc/01-basic-usage.md#installing-dependencies",
        "This file is @generated automatically"
    ],
    "content-hash": "c5157d4c0d5ff1dac0e5535655ff032b",
    "packages": [
        {
            "name": "composer/installers",
            "version": "v1.11.0",
            "source": {
                "type": "git",
                "url": "https://github.com/composer/installers.git",
                "reference": "ae03311f45dfe194412081526be2e003960df74b"
            },
            "dist": {
                "type": "zip",
                "url": "https://api.github.com/repos/composer/installers/zipball/ae03311f45dfe194412081526be2e003960df74b",
                "reference": "ae03311f45dfe194412081526be2e003960df74b",
                "shasum": ""
            },
            "require": {
                "composer-plugin-api": "^1.0 || ^2.0"
            },
            "replace": {
                "roundcube/plugin-installer": "*",
                "shama/baton": "*"
            },
            "require-dev": {
                "composer/composer": "1.6.* || ^2.0",
                "composer/semver": "^1 || ^3",
                "phpstan/phpstan": "^0.12.55",
                "phpstan/phpstan-phpunit": "^0.12.16",
                "symfony/phpunit-bridge": "^4.2 || ^5",
                "symfony/process": "^2.3"
            },
            "type": "composer-plugin",
            "extra": {
                "class": "Composer\\Installers\\Plugin",
                "branch-alias": {
                    "dev-main": "1.x-dev"
                }
            },
            "autoload": {
                "psr-4": {
                    "Composer\\Installers\\": "src/Composer/Installers"
                }
            },
            "notification-url": "https://packagist.org/downloads/",
            "license": [
                "MIT"
            ],
            "authors": [
                {
                    "name": "Kyle Robinson Young",
                    "email": "kyle@dontkry.com",
                    "homepage": "https://github.com/shama"
                }
            ],
            "description": "A multi-framework Composer library installer",
            "homepage": "https://composer.github.io/installers/",
            "keywords": [
                "Craft",
                "Dolibarr",
                "Eliasis",
                "Hurad",
                "ImageCMS",
                "Kanboard",
                "Lan Management System",
                "MODX Evo",
                "MantisBT",
                "Mautic",
                "Maya",
                "OXID",
                "Plentymarkets",
                "Porto",
                "RadPHP",
                "SMF",
                "Starbug",
                "Thelia",
                "Whmcs",
                "WolfCMS",
                "agl",
                "aimeos",
                "annotatecms",
                "attogram",
                "bitrix",
                "cakephp",
                "chef",
                "cockpit",
                "codeigniter",
                "concrete5",
                "croogo",
                "dokuwiki",
                "drupal",
                "eZ Platform",
                "elgg",
                "expressionengine",
                "fuelphp",
                "grav",
                "installer",
                "itop",
                "joomla",
                "known",
                "kohana",
                "laravel",
                "lavalite",
                "lithium",
                "magento",
                "majima",
                "mako",
                "mediawiki",
                "miaoxing",
                "modulework",
                "modx",
                "moodle",
                "osclass",
                "phpbb",
                "piwik",
                "ppi",
                "processwire",
                "puppet",
                "pxcms",
                "reindex",
                "roundcube",
                "shopware",
                "silverstripe",
                "sydes",
                "sylius",
                "symfony",
                "tastyigniter",
                "typo3",
                "wordpress",
                "yawik",
                "zend",
                "zikula"
            ],
            "funding": [
                {
                    "url": "https://packagist.com",
                    "type": "custom"
                },
                {
                    "url": "https://github.com/composer",
                    "type": "github"
                },
                {
                    "url": "https://tidelift.com/funding/github/packagist/composer/composer",
                    "type": "tidelift"
                }
            ],
            "time": "2021-04-28T06:42:17+00:00"
        },
        {
            "name": "dre1080/wp-graphql-upload",
            "version": "v0.1.2",
            "source": {
                "type": "git",
                "url": "https://github.com/dre1080/wp-graphql-upload.git",
                "reference": "6f1def0449b085b0c0b3dc30dd5f4c58157ba408"
            },
            "dist": {
                "type": "zip",
                "url": "https://api.github.com/repos/dre1080/wp-graphql-upload/zipball/6f1def0449b085b0c0b3dc30dd5f4c58157ba408",
                "reference": "6f1def0449b085b0c0b3dc30dd5f4c58157ba408",
                "shasum": ""
            },
            "require": {
                "php": "^7"
            },
            "require-dev": {
                "dealerdirect/phpcodesniffer-composer-installer": "^0.7",
                "phpcompatibility/phpcompatibility-wp": "*",
                "phpunit/phpunit": "^7",
                "squizlabs/php_codesniffer": "*",
                "webonyx/graphql-php": "^14.5"
            },
            "type": "wordpress-plugin",
            "autoload": {
                "psr-4": {
                    "WPGraphQL\\Upload\\": "src/"
                },
                "classmap": [
                    "src/"
                ]
            },
            "notification-url": "https://packagist.org/downloads/",
            "license": [
                "GPL-3.0-or-later"
            ],
            "authors": [
                {
                    "name": "ando",
                    "email": "lifeandcoding@gmail.com"
                }
            ],
            "description": "Adds file upload support to the WP GraphQL Plugin.",
            "keywords": [
                "graphql",
                "upload",
                "wordpress",
                "wp-graphql"
            ],
            "time": "2021-02-06T17:30:04+00:00"
        },
        {
            "name": "firebase/php-jwt",
            "version": "v5.3.0",
            "source": {
                "type": "git",
                "url": "https://github.com/firebase/php-jwt.git",
                "reference": "3c2d70f2e64e2922345e89f2ceae47d2463faae1"
            },
            "dist": {
                "type": "zip",
                "url": "https://api.github.com/repos/firebase/php-jwt/zipball/3c2d70f2e64e2922345e89f2ceae47d2463faae1",
                "reference": "3c2d70f2e64e2922345e89f2ceae47d2463faae1",
                "shasum": ""
            },
            "require": {
                "php": ">=5.3.0"
            },
            "require-dev": {
                "phpunit/phpunit": ">=4.8 <=9"
            },
            "type": "library",
            "autoload": {
                "psr-4": {
                    "Firebase\\JWT\\": "src"
                }
            },
            "notification-url": "https://packagist.org/downloads/",
            "license": [
                "BSD-3-Clause"
            ],
            "authors": [
                {
                    "name": "Neuman Vong",
                    "email": "neuman+pear@twilio.com",
                    "role": "Developer"
                },
                {
                    "name": "Anant Narayanan",
                    "email": "anant@php.net",
                    "role": "Developer"
                }
            ],
            "description": "A simple library to encode and decode JSON Web Tokens (JWT) in PHP. Should conform to the current spec.",
            "homepage": "https://github.com/firebase/php-jwt",
            "keywords": [
                "jwt",
                "php"
            ],
            "time": "2021-05-20T17:37:02+00:00"
        },
        {
            "name": "opis/json-schema",
            "version": "1.1.0",
            "source": {
                "type": "git",
                "url": "https://github.com/opis/json-schema.git",
                "reference": "39d8072be8657a329a284339994401066406c43b"
            },
            "dist": {
                "type": "zip",
                "url": "https://api.github.com/repos/opis/json-schema/zipball/39d8072be8657a329a284339994401066406c43b",
                "reference": "39d8072be8657a329a284339994401066406c43b",
                "shasum": ""
            },
            "require": {
                "php": ">=7.0"
            },
            "require-dev": {
                "ext-bcmath": "*",
                "ext-intl": "*",
                "ext-json": "*",
                "ext-mbstring": "*",
                "opis/string": "^1.4",
                "phpunit/phpunit": "^6.5 || ^7.0 || ^9.4"
            },
            "suggest": {
                "opis/string": "A standalone library for manipulating multibyte strings"
            },
            "type": "library",
            "extra": {
                "branch-alias": {
                    "dev-master": "1.0.x-dev"
                }
            },
            "autoload": {
                "psr-4": {
                    "Opis\\JsonSchema\\": "src/"
                }
            },
            "notification-url": "https://packagist.org/downloads/",
            "license": [
                "Apache-2.0"
            ],
            "authors": [
                {
                    "name": "Sorin Sarca",
                    "email": "sarca_sorin@hotmail.com"
                },
                {
                    "name": "Marius Sarca",
                    "email": "marius.sarca@gmail.com"
                }
            ],
            "description": "Json Schema Validator",
            "homepage": "http://www.opis.io/json-schema",
            "keywords": [
                "json",
                "schema",
                "validation",
                "validator"
            ],
            "time": "2021-04-14T20:02:50+00:00"
        },
        {
            "name": "pristas-peter/wp-graphql-gutenberg",
            "version": "v0.3.8",
            "source": {
                "type": "git",
                "url": "https://github.com/pristas-peter/wp-graphql-gutenberg.git",
                "reference": "2f35359fd306fff98dcb25063735e9b584a625f7"
            },
            "dist": {
                "type": "zip",
                "url": "https://api.github.com/repos/pristas-peter/wp-graphql-gutenberg/zipball/2f35359fd306fff98dcb25063735e9b584a625f7",
                "reference": "2f35359fd306fff98dcb25063735e9b584a625f7",
                "shasum": ""
            },
            "require": {
                "opis/json-schema": "^1.0",
                "voku/simple_html_dom": "4.7.17"
            },
            "require-dev": {
                "dealerdirect/phpcodesniffer-composer-installer": "0.5.0",
                "phpcompatibility/phpcompatibility-wp": "2.1.0",
                "squizlabs/php_codesniffer": "3.5.4",
                "wp-coding-standards/wpcs": "2.1.1"
            },
            "type": "wordpress-plugin",
            "autoload": {
                "psr-4": {
                    "WPGraphqlGutenberg\\": "src/"
                },
                "classmap": [
                    "src/"
                ]
            },
            "notification-url": "https://packagist.org/downloads/",
            "description": "Query gutenberg blocks with wp-graphql",
            "time": "2021-03-05T09:39:59+00:00"
        },
        {
            "name": "symfony/css-selector",
            "version": "v5.3.0",
            "source": {
                "type": "git",
                "url": "https://github.com/symfony/css-selector.git",
                "reference": "fcd0b29a7a0b1bb5bfbedc6231583d77fea04814"
            },
            "dist": {
                "type": "zip",
                "url": "https://api.github.com/repos/symfony/css-selector/zipball/fcd0b29a7a0b1bb5bfbedc6231583d77fea04814",
                "reference": "fcd0b29a7a0b1bb5bfbedc6231583d77fea04814",
                "shasum": ""
            },
            "require": {
                "php": ">=7.2.5"
            },
            "type": "library",
            "autoload": {
                "psr-4": {
                    "Symfony\\Component\\CssSelector\\": ""
                },
                "exclude-from-classmap": [
                    "/Tests/"
                ]
            },
            "notification-url": "https://packagist.org/downloads/",
            "license": [
                "MIT"
            ],
            "authors": [
                {
                    "name": "Fabien Potencier",
                    "email": "fabien@symfony.com"
                },
                {
                    "name": "Jean-François Simon",
                    "email": "jeanfrancois.simon@sensiolabs.com"
                },
                {
                    "name": "Symfony Community",
                    "homepage": "https://symfony.com/contributors"
                }
            ],
            "description": "Converts CSS selectors to XPath expressions",
            "homepage": "https://symfony.com",
            "funding": [
                {
                    "url": "https://symfony.com/sponsor",
                    "type": "custom"
                },
                {
                    "url": "https://github.com/fabpot",
                    "type": "github"
                },
                {
                    "url": "https://tidelift.com/funding/github/packagist/symfony/symfony",
                    "type": "tidelift"
                }
            ],
            "time": "2021-05-26T17:40:38+00:00"
        },
        {
            "name": "voku/simple_html_dom",
            "version": "4.7.17",
            "source": {
                "type": "git",
                "url": "https://github.com/voku/simple_html_dom.git",
                "reference": "804aca422f1fe0104b1320ca09fd06cd0062782c"
            },
            "dist": {
                "type": "zip",
                "url": "https://api.github.com/repos/voku/simple_html_dom/zipball/804aca422f1fe0104b1320ca09fd06cd0062782c",
                "reference": "804aca422f1fe0104b1320ca09fd06cd0062782c",
                "shasum": ""
            },
            "require": {
                "ext-dom": "*",
                "ext-libxml": "*",
                "ext-simplexml": "*",
                "php": ">=7.0.0",
                "symfony/css-selector": "~3.0 || ~4.0 || ~5.0"
            },
            "require-dev": {
                "phpunit/phpunit": "~6.0 || ~7.0"
            },
            "suggest": {
                "voku/portable-utf8": "If you need e.g. UTF-8 fixed output."
            },
            "type": "library",
            "autoload": {
                "psr-4": {
                    "voku\\helper\\": "src/voku/helper/"
                }
            },
            "notification-url": "https://packagist.org/downloads/",
            "license": [
                "MIT"
            ],
            "authors": [
                {
                    "name": "dimabdc",
                    "email": "support@titor.ru",
                    "homepage": "http://github.com/dimabdc",
                    "role": "Developer"
                },
                {
                    "name": "Lars Moelleken",
                    "homepage": "http://www.moelleken.org/",
                    "role": "Developer"
                }
            ],
            "description": "Simple HTML DOM package.",
            "homepage": "http://simplehtmldom.sourceforge.net/",
            "keywords": [
                "HTML Parser",
                "dom",
                "php dom"
            ],
            "funding": [
                {
                    "url": "https://www.paypal.me/moelleken",
                    "type": "custom"
                },
                {
                    "url": "https://github.com/voku",
                    "type": "github"
                },
                {
                    "url": "https://www.patreon.com/voku",
                    "type": "patreon"
                },
                {
                    "url": "https://tidelift.com/funding/github/packagist/voku/simple_html_dom",
                    "type": "tidelift"
                }
            ],
            "time": "2020-04-09T21:20:43+00:00"
        },
        {
            "name": "wp-graphql/wp-graphql-acf",
            "version": "v0.4.1",
            "source": {
                "type": "git",
                "url": "https://github.com/wp-graphql/wp-graphql-acf.git",
                "reference": "2545c2f32ac2d21db271eb5ab5334bc233b42cf1"
            },
            "dist": {
                "type": "zip",
                "url": "https://api.github.com/repos/wp-graphql/wp-graphql-acf/zipball/2545c2f32ac2d21db271eb5ab5334bc233b42cf1",
                "reference": "2545c2f32ac2d21db271eb5ab5334bc233b42cf1",
                "shasum": ""
            },
            "require-dev": {
                "dealerdirect/phpcodesniffer-composer-installer": "^0.5.0",
                "lucatume/wp-browser": "^2.2.",
                "phpcompatibility/phpcompatibility-wp": "^2.0",
                "wp-coding-standards/wpcs": "^2.1"
            },
            "type": "wordpress-plugin",
            "autoload": {
                "psr-4": {
                    "WPGraphQL\\ACF\\": "src/"
                },
                "classmap": [
                    "src/"
                ]
            },
            "notification-url": "https://packagist.org/downloads/",
            "license": [
                "GPL-3.0+"
            ],
            "authors": [
                {
                    "name": "jasonbahl",
                    "email": "jasonbahl@mac.com"
                }
            ],
            "description": "Advanced Custom Fields bindings for wp-graphql",
            "time": "2021-01-19T21:23:00+00:00"
        },
        {
            "name": "wp-graphql/wp-graphql-jwt-authentication",
            "version": "v0.4.1",
            "source": {
                "type": "git",
                "url": "https://github.com/wp-graphql/wp-graphql-jwt-authentication.git",
                "reference": "7905ab9e3658e6e79be510070b9e7aaf26d47009"
            },
            "dist": {
                "type": "zip",
                "url": "https://api.github.com/repos/wp-graphql/wp-graphql-jwt-authentication/zipball/7905ab9e3658e6e79be510070b9e7aaf26d47009",
                "reference": "7905ab9e3658e6e79be510070b9e7aaf26d47009",
                "shasum": ""
            },
            "require": {
                "firebase/php-jwt": "^5.0"
            },
            "require-dev": {
                "lucatume/wp-browser": ">=2.2.1 <2.2.8"
            },
            "type": "wordpress-plugin",
            "autoload": {
                "psr-4": {
                    "WPGraphQL\\JWT_Authentication\\": "src/"
                },
                "classmap": [
                    "src/"
                ]
            },
            "notification-url": "https://packagist.org/downloads/",
            "license": [
                "GPL-3.0+"
            ],
            "authors": [
                {
                    "name": "jasonbahl",
                    "email": "jasonbahl@mac.com"
                }
            ],
            "description": "JWT Authentication for WPGraphQL",
            "time": "2020-05-04T21:48:10+00:00"
        },
        {
            "name": "wp-graphql/wp-graphql-tax-query",
            "version": "v0.1.0",
            "source": {
                "type": "git",
                "url": "https://github.com/wp-graphql/wp-graphql-tax-query/",
                "reference": "982827dca1e19be41415fe5a1f2da18e6590d421"
            },
            "type": "wordpress-plugin",
            "autoload": {
                "psr-4": {
                    "WPGraphQL\\TaxQuery\\": "src"
                }
            },
            "description": "Adds Tax_Query support to the WP GraphQL Plugin for postObject query args (WP_Query)",
            "time": "2019-10-28T21:52:38+00:00"
        },
        {
            "name": "wpackagist-plugin/add-wpgraphql-seo",
            "version": "4.14.0",
            "source": {
                "type": "svn",
                "url": "https://plugins.svn.wordpress.org/add-wpgraphql-seo/",
                "reference": "tags/4.14.0"
            },
            "dist": {
                "type": "zip",
                "url": "https://downloads.wordpress.org/plugin/add-wpgraphql-seo.4.14.0.zip"
            },
            "require": {
                "composer/installers": "~1.0"
            },
            "type": "wordpress-plugin",
            "homepage": "https://wordpress.org/plugins/add-wpgraphql-seo/"
        },
        {
            "name": "wpackagist-plugin/advanced-custom-fields",
            "version": "5.9.6",
            "source": {
                "type": "svn",
                "url": "https://plugins.svn.wordpress.org/advanced-custom-fields/",
                "reference": "tags/5.9.6"
            },
            "dist": {
                "type": "zip",
                "url": "https://downloads.wordpress.org/plugin/advanced-custom-fields.5.9.6.zip"
            },
            "require": {
                "composer/installers": "~1.0"
            },
            "type": "wordpress-plugin",
            "homepage": "https://wordpress.org/plugins/advanced-custom-fields/"
        },
        {
            "name": "wpackagist-plugin/block-manager",
            "version": "1.2.1",
            "source": {
                "type": "svn",
                "url": "https://plugins.svn.wordpress.org/block-manager/",
                "reference": "tags/1.2.1"
            },
            "dist": {
                "type": "zip",
                "url": "https://downloads.wordpress.org/plugin/block-manager.1.2.1.zip"
            },
            "require": {
                "composer/installers": "~1.0"
            },
            "type": "wordpress-plugin",
            "homepage": "https://wordpress.org/plugins/block-manager/"
        },
        {
            "name": "wpackagist-plugin/custom-post-type-ui",
            "version": "1.9.1",
            "source": {
                "type": "svn",
                "url": "https://plugins.svn.wordpress.org/custom-post-type-ui/",
                "reference": "tags/1.9.1"
            },
            "dist": {
                "type": "zip",
                "url": "https://downloads.wordpress.org/plugin/custom-post-type-ui.1.9.1.zip"
            },
            "require": {
                "composer/installers": "~1.0"
            },
            "type": "wordpress-plugin",
            "homepage": "https://wordpress.org/plugins/custom-post-type-ui/"
        },
        {
            "name": "wpackagist-plugin/gutenberg",
            "version": "10.7.1",
            "source": {
                "type": "svn",
                "url": "https://plugins.svn.wordpress.org/gutenberg/",
                "reference": "tags/10.7.1"
            },
            "dist": {
                "type": "zip",
                "url": "https://downloads.wordpress.org/plugin/gutenberg.10.7.1.zip"
            },
            "require": {
                "composer/installers": "~1.0"
            },
            "type": "wordpress-plugin",
            "homepage": "https://wordpress.org/plugins/gutenberg/"
        },
        {
            "name": "wpackagist-plugin/lazy-blocks",
            "version": "2.3.1",
            "source": {
                "type": "svn",
                "url": "https://plugins.svn.wordpress.org/lazy-blocks/",
                "reference": "tags/2.3.1"
            },
            "dist": {
                "type": "zip",
                "url": "https://downloads.wordpress.org/plugin/lazy-blocks.2.3.1.zip"
            },
            "require": {
                "composer/installers": "~1.0"
            },
            "type": "wordpress-plugin",
            "homepage": "https://wordpress.org/plugins/lazy-blocks/"
        },
        {
            "name": "wpackagist-plugin/wordpress-seo",
            "version": "15.9.2",
            "source": {
                "type": "svn",
                "url": "https://plugins.svn.wordpress.org/wordpress-seo/",
                "reference": "tags/15.9.2"
            },
            "dist": {
                "type": "zip",
                "url": "https://downloads.wordpress.org/plugin/wordpress-seo.15.9.2.zip"
            },
            "require": {
                "composer/installers": "~1.0"
            },
            "type": "wordpress-plugin",
            "homepage": "https://wordpress.org/plugins/wordpress-seo/"
        },
        {
            "name": "wpackagist-plugin/wp-graphql",
            "version": "1.3.9",
            "source": {
                "type": "svn",
                "url": "https://plugins.svn.wordpress.org/wp-graphql/",
                "reference": "tags/1.3.9"
            },
            "dist": {
                "type": "zip",
                "url": "https://downloads.wordpress.org/plugin/wp-graphql.1.3.9.zip"
            },
            "require": {
                "composer/installers": "~1.0"
            },
            "type": "wordpress-plugin",
            "homepage": "https://wordpress.org/plugins/wp-graphql/"
        },
        {
            "name": "wpackagist-plugin/wp-search-with-algolia",
            "version": "1.8.0",
            "source": {
                "type": "svn",
                "url": "https://plugins.svn.wordpress.org/wp-search-with-algolia/",
                "reference": "tags/1.8.0"
            },
            "dist": {
                "type": "zip",
                "url": "https://downloads.wordpress.org/plugin/wp-search-with-algolia.1.8.0.zip"
            },
            "require": {
                "composer/installers": "~1.0"
            },
            "type": "wordpress-plugin",
            "homepage": "https://wordpress.org/plugins/wp-search-with-algolia/"
        }
    ],
    "packages-dev": [
        {
            "name": "dealerdirect/phpcodesniffer-composer-installer",
            "version": "v0.5.0",
            "source": {
                "type": "git",
                "url": "https://github.com/Dealerdirect/phpcodesniffer-composer-installer.git",
                "reference": "e749410375ff6fb7a040a68878c656c2e610b132"
            },
            "dist": {
                "type": "zip",
                "url": "https://api.github.com/repos/Dealerdirect/phpcodesniffer-composer-installer/zipball/e749410375ff6fb7a040a68878c656c2e610b132",
                "reference": "e749410375ff6fb7a040a68878c656c2e610b132",
                "shasum": ""
            },
            "require": {
                "composer-plugin-api": "^1.0",
                "php": "^5.3|^7",
                "squizlabs/php_codesniffer": "^2|^3"
            },
            "require-dev": {
                "composer/composer": "*",
                "phpcompatibility/php-compatibility": "^9.0",
                "sensiolabs/security-checker": "^4.1.0"
            },
            "type": "composer-plugin",
            "extra": {
                "class": "Dealerdirect\\Composer\\Plugin\\Installers\\PHPCodeSniffer\\Plugin"
            },
            "autoload": {
                "psr-4": {
                    "Dealerdirect\\Composer\\Plugin\\Installers\\PHPCodeSniffer\\": "src/"
                }
            },
            "notification-url": "https://packagist.org/downloads/",
            "license": [
                "MIT"
            ],
            "authors": [
                {
                    "name": "Franck Nijhof",
                    "email": "franck.nijhof@dealerdirect.com",
                    "homepage": "http://www.frenck.nl",
                    "role": "Developer / IT Manager"
                }
            ],
            "description": "PHP_CodeSniffer Standards Composer Installer Plugin",
            "homepage": "http://www.dealerdirect.com",
            "keywords": [
                "PHPCodeSniffer",
                "PHP_CodeSniffer",
                "code quality",
                "codesniffer",
                "composer",
                "installer",
                "phpcs",
                "plugin",
                "qa",
                "quality",
                "standard",
                "standards",
                "style guide",
                "stylecheck",
                "tests"
            ],
            "time": "2018-10-26T13:21:45+00:00"
        },
        {
            "name": "phpcompatibility/php-compatibility",
            "version": "9.3.5",
            "source": {
                "type": "git",
                "url": "https://github.com/PHPCompatibility/PHPCompatibility.git",
                "reference": "9fb324479acf6f39452e0655d2429cc0d3914243"
            },
            "dist": {
                "type": "zip",
                "url": "https://api.github.com/repos/PHPCompatibility/PHPCompatibility/zipball/9fb324479acf6f39452e0655d2429cc0d3914243",
                "reference": "9fb324479acf6f39452e0655d2429cc0d3914243",
                "shasum": ""
            },
            "require": {
                "php": ">=5.3",
                "squizlabs/php_codesniffer": "^2.3 || ^3.0.2"
            },
            "conflict": {
                "squizlabs/php_codesniffer": "2.6.2"
            },
            "require-dev": {
                "phpunit/phpunit": "~4.5 || ^5.0 || ^6.0 || ^7.0"
            },
            "suggest": {
                "dealerdirect/phpcodesniffer-composer-installer": "^0.5 || This Composer plugin will sort out the PHPCS 'installed_paths' automatically.",
                "roave/security-advisories": "dev-master || Helps prevent installing dependencies with known security issues."
            },
            "type": "phpcodesniffer-standard",
            "notification-url": "https://packagist.org/downloads/",
            "license": [
                "LGPL-3.0-or-later"
            ],
            "authors": [
                {
                    "name": "Wim Godden",
                    "homepage": "https://github.com/wimg",
                    "role": "lead"
                },
                {
                    "name": "Juliette Reinders Folmer",
                    "homepage": "https://github.com/jrfnl",
                    "role": "lead"
                },
                {
                    "name": "Contributors",
                    "homepage": "https://github.com/PHPCompatibility/PHPCompatibility/graphs/contributors"
                }
            ],
            "description": "A set of sniffs for PHP_CodeSniffer that checks for PHP cross-version compatibility.",
            "homepage": "http://techblog.wimgodden.be/tag/codesniffer/",
            "keywords": [
                "compatibility",
                "phpcs",
                "standards"
            ],
            "time": "2019-12-27T09:44:58+00:00"
        },
        {
            "name": "squizlabs/php_codesniffer",
            "version": "3.6.0",
            "source": {
                "type": "git",
                "url": "https://github.com/squizlabs/PHP_CodeSniffer.git",
                "reference": "ffced0d2c8fa8e6cdc4d695a743271fab6c38625"
            },
            "dist": {
                "type": "zip",
                "url": "https://api.github.com/repos/squizlabs/PHP_CodeSniffer/zipball/ffced0d2c8fa8e6cdc4d695a743271fab6c38625",
                "reference": "ffced0d2c8fa8e6cdc4d695a743271fab6c38625",
                "shasum": ""
            },
            "require": {
                "ext-simplexml": "*",
                "ext-tokenizer": "*",
                "ext-xmlwriter": "*",
                "php": ">=5.4.0"
            },
            "require-dev": {
                "phpunit/phpunit": "^4.0 || ^5.0 || ^6.0 || ^7.0"
            },
            "bin": [
                "bin/phpcs",
                "bin/phpcbf"
            ],
            "type": "library",
            "extra": {
                "branch-alias": {
                    "dev-master": "3.x-dev"
                }
            },
            "notification-url": "https://packagist.org/downloads/",
            "license": [
                "BSD-3-Clause"
            ],
            "authors": [
                {
                    "name": "Greg Sherwood",
                    "role": "lead"
                }
            ],
            "description": "PHP_CodeSniffer tokenizes PHP, JavaScript and CSS files and detects violations of a defined set of coding standards.",
            "homepage": "https://github.com/squizlabs/PHP_CodeSniffer",
            "keywords": [
                "phpcs",
                "standards"
            ],
            "time": "2021-04-09T00:54:41+00:00"
        },
        {
            "name": "webdevstudios/php-coding-standards",
            "version": "1.3.0",
            "source": {
                "type": "git",
                "url": "https://github.com/WebDevStudios/php-coding-standards.git",
                "reference": "0896147c2e12ffaebf67fb5a9d49b1514e2ccec3"
            },
            "dist": {
                "type": "zip",
                "url": "https://api.github.com/repos/WebDevStudios/php-coding-standards/zipball/0896147c2e12ffaebf67fb5a9d49b1514e2ccec3",
                "reference": "0896147c2e12ffaebf67fb5a9d49b1514e2ccec3",
                "shasum": ""
            },
            "require": {
                "dealerdirect/phpcodesniffer-composer-installer": "^0.5.0",
                "wp-coding-standards/wpcs": "~2.3.0"
            },
            "type": "phpcodesniffer-standard",
            "extra": {
                "phpcodesniffer-search-depth": 5
            },
            "notification-url": "https://packagist.org/downloads/",
            "license": [
                "GPL-2.0+"
            ],
            "authors": [
                {
                    "name": "WebDevStudios",
                    "email": "contact@webdevstudios.com",
                    "homepage": "http://webdevstudios.com",
                    "role": "Company"
                },
                {
                    "name": "Aubrey Portwood",
                    "email": "aubrey@webdevstudios.com",
                    "homepage": "http://twitter.com/aubreypwd",
                    "role": "Project Lead & Developer"
                }
            ],
            "description": "In-house PHP linting and coding standards for WebDevStudios",
            "homepage": "https://github.com/WebDevStudios/php-coding-standards",
            "abandoned": "wp-coding-standards/wpcs",
            "time": "2020-11-16T21:56:03+00:00"
        },
        {
            "name": "wp-coding-standards/wpcs",
            "version": "2.3.0",
            "source": {
                "type": "git",
                "url": "https://github.com/WordPress/WordPress-Coding-Standards.git",
                "reference": "7da1894633f168fe244afc6de00d141f27517b62"
            },
            "dist": {
                "type": "zip",
                "url": "https://api.github.com/repos/WordPress/WordPress-Coding-Standards/zipball/7da1894633f168fe244afc6de00d141f27517b62",
                "reference": "7da1894633f168fe244afc6de00d141f27517b62",
                "shasum": ""
            },
            "require": {
                "php": ">=5.4",
                "squizlabs/php_codesniffer": "^3.3.1"
            },
            "require-dev": {
                "dealerdirect/phpcodesniffer-composer-installer": "^0.5 || ^0.6",
                "phpcompatibility/php-compatibility": "^9.0",
                "phpcsstandards/phpcsdevtools": "^1.0",
                "phpunit/phpunit": "^4.0 || ^5.0 || ^6.0 || ^7.0"
            },
            "suggest": {
                "dealerdirect/phpcodesniffer-composer-installer": "^0.6 || This Composer plugin will sort out the PHPCS 'installed_paths' automatically."
            },
            "type": "phpcodesniffer-standard",
            "notification-url": "https://packagist.org/downloads/",
            "license": [
                "MIT"
            ],
            "authors": [
                {
                    "name": "Contributors",
                    "homepage": "https://github.com/WordPress/WordPress-Coding-Standards/graphs/contributors"
                }
            ],
            "description": "PHP_CodeSniffer rules (sniffs) to enforce WordPress coding conventions",
            "keywords": [
                "phpcs",
                "standards",
                "wordpress"
            ],
            "time": "2020-05-13T23:57:56+00:00"
        }
    ],
    "aliases": [],
    "minimum-stability": "stable",
    "stability-flags": [],
    "prefer-stable": false,
    "prefer-lowest": false,
    "platform": [],
    "platform-dev": [],
    "platform-overrides": {
        "php": "7.4"
    },
    "plugin-api-version": "1.1.0"
}
